
Microsoft Visual Studio Solution File, Format Version 12.00
# Visual Studio 2013
VisualStudioVersion = 12.0.21005.1
MinimumVisualStudioVersion = 10.0.40219.1
Project("{FAE04EC0-301F-11D3-BF4B-00C04F79EFBC}") = "Raising Consuming custom events", "Raising Consuming custom events\Raising Consuming custom events.csproj", "{DF610641-E830-42DE-97FE-2AF5010C7301}"
EndProject
Global
	GlobalSection(SolutionConfigurationPlatforms) = preSolution
		Debug|Any CPU = Debug|Any CPU
		Release|Any CPU = Release|Any CPU
	EndGlobalSection
	GlobalSection(ProjectConfigurationPlatforms) = postSolution
		{DF610641-E830-42DE-97FE-2AF5010C7301}.Debug|Any CPU.ActiveCfg = Debug|Any CPU
		{DF610641-E830-42DE-97FE-2AF5010C7301}.Debug|Any CPU.Build.0 = Debug|Any CPU
		{DF610641-E830-42DE-97FE-2AF5010C7301}.Release|Any CPU.ActiveCfg = Release|Any CPU
		{DF610641-E830-42DE-97FE-2AF5010C7301}.Release|Any CPU.Build.0 = Release|Any CPU
	EndGlobalSection
	GlobalSection(SolutionProperties) = preSolution
		HideSolutionNode = FALSE
	EndGlobalSection
EndGlobal
